
Microsoft Visual Studio Solution File, Format Version 12.00
# Visual Studio 15
VisualStudioVersion = 15.0.27004.2002
MinimumVisualStudioVersion = 10.0.40219.1
Project("{9A19103F-16F7-4668-BE54-9A1E7A4F7556}") = "ObjectContentComparator", "ObjectContentComparator\ObjectContentComparator.csproj", "{43E29F7D-4B23-4BCC-A6AB-2B2C9E5416CC}"
EndProject
Project("{9A19103F-16F7-4668-BE54-9A1E7A4F7556}") = "Hasher", "Hasher\Hasher.csproj", "{15A1B114-BEC6-431D-915B-0F76ECC7A61E}"
EndProject
Project("{9A19103F-16F7-4668-BE54-9A1E7A4F7556}") = "Hasher.Test", "Hasher.Test\Hasher.Test.csproj", "{C0135BF9-EE70-40A2-94FE-D55905E05C2A}"
EndProject
Project("{9A19103F-16F7-4668-BE54-9A1E7A4F7556}") = "ObjectContentComparator.Test", "ObjectContentComparator.Test\ObjectContentComparator.Test.csproj", "{BF6B81B3-EBA1-4F80-8CD9-1F5ADA62204B}"
EndProject
Global
	GlobalSection(SolutionConfigurationPlatforms) = preSolution
		Debug|Any CPU = Debug|Any CPU
		Release|Any CPU = Release|Any CPU
	EndGlobalSection
	GlobalSection(ProjectConfigurationPlatforms) = postSolution
		{43E29F7D-4B23-4BCC-A6AB-2B2C9E5416CC}.Debug|Any CPU.ActiveCfg = Debug|Any CPU
		{43E29F7D-4B23-4BCC-A6AB-2B2C9E5416CC}.Debug|Any CPU.Build.0 = Debug|Any CPU
		{43E29F7D-4B23-4BCC-A6AB-2B2C9E5416CC}.Release|Any CPU.ActiveCfg = Release|Any CPU
		{43E29F7D-4B23-4BCC-A6AB-2B2C9E5416CC}.Release|Any CPU.Build.0 = Release|Any CPU
		{15A1B114-BEC6-431D-915B-0F76ECC7A61E}.Debug|Any CPU.ActiveCfg = Debug|Any CPU
		{15A1B114-BEC6-431D-915B-0F76ECC7A61E}.Debug|Any CPU.Build.0 = Debug|Any CPU
		{15A1B114-BEC6-431D-915B-0F76ECC7A61E}.Release|Any CPU.ActiveCfg = Release|Any CPU
		{15A1B114-BEC6-431D-915B-0F76ECC7A61E}.Release|Any CPU.Build.0 = Release|Any CPU
		{C0135BF9-EE70-40A2-94FE-D55905E05C2A}.Debug|Any CPU.ActiveCfg = Debug|Any CPU
		{C0135BF9-EE70-40A2-94FE-D55905E05C2A}.Debug|Any CPU.Build.0 = Debug|Any CPU
		{C0135BF9-EE70-40A2-94FE-D55905E05C2A}.Release|Any CPU.ActiveCfg = Release|Any CPU
		{C0135BF9-EE70-40A2-94FE-D55905E05C2A}.Release|Any CPU.Build.0 = Release|Any CPU
		{BF6B81B3-EBA1-4F80-8CD9-1F5ADA62204B}.Debug|Any CPU.ActiveCfg = Debug|Any CPU
		{BF6B81B3-EBA1-4F80-8CD9-1F5ADA62204B}.Debug|Any CPU.Build.0 = Debug|Any CPU
		{BF6B81B3-EBA1-4F80-8CD9-1F5ADA62204B}.Release|Any CPU.ActiveCfg = Release|Any CPU
		{BF6B81B3-EBA1-4F80-8CD9-1F5ADA62204B}.Release|Any CPU.Build.0 = Release|Any CPU
	EndGlobalSection
	GlobalSection(SolutionProperties) = preSolution
		HideSolutionNode = FALSE
	EndGlobalSection
	GlobalSection(ExtensibilityGlobals) = postSolution
		SolutionGuid = {34FE253F-24F8-4068-BF72-E955EF90A942}
	EndGlobalSection
EndGlobal
